// !$*UTF8*$!
{
	archiveVersion = 1;
	classes = {
	};
	objectVersion = 77;
	objects = {

/* Begin PBXContainerItemProxy section */
		BDF6B8D22E1EFB640082F361 /* PBXContainerItemProxy */ = {
			isa = PBXContainerItemProxy;
			containerPortal = BDF6B8BC2E1EFB610082F361 /* Project object */;
			proxyType = 1;
			remoteGlobalIDString = BDF6B8C32E1EFB610082F361;
			remoteInfo = "interactive UI";
		};
		BDF6B8DC2E1EFB640082F361 /* PBXContainerItemProxy */ = {
			isa = PBXContainerItemProxy;
			containerPortal = BDF6B8BC2E1EFB610082F361 /* Project object */;
			proxyType = 1;
			remoteGlobalIDString = BDF6B8C32E1EFB610082F361;
			remoteInfo = "interactive UI";
		};
/* End PBXContainerItemProxy section */

/* Begin PBXFileReference section */
		BDF6B8C42E1EFB610082F361 /* interactive UI.app */ = {isa = PBXFileReference; explicitFileType = wrapper.application; includeInIndex = 0; path = "interactive UI.app"; sourceTree = BUILT_PRODUCTS_DIR; };
		BDF6B8D12E1EFB640082F361 /* interactive UITests.xctest */ = {isa = PBXFileReference; explicitFileType = wrapper.cfbundle; includeInIndex = 0; path = "interactive UITests.xctest"; sourceTree = BUILT_PRODUCTS_DIR; };
		BDF6B8DB2E1EFB640082F361 /* interactive UIUITests.xctest */ = {isa = PBXFileReference; explicitFileType = wrapper.cfbundle; includeInIndex = 0; path = "interactive UIUITests.xctest"; sourceTree = BUILT_PRODUCTS_DIR; };
/* End PBXFileReference section */

/* Begin PBXFileSystemSynchronizedRootGroup section */
		BDF6B8C62E1EFB610082F361 /* interactive UI */ = {
			isa = PBXFileSystemSynchronizedRootGroup;
			path = "interactive UI";
			sourceTree = "<group>";
		};
		BDF6B8D42E1EFB640082F361 /* interactive UITests */ = {
			isa = PBXFileSystemSynchronizedRootGroup;
			path = "interactive UITests";
			sourceTree = "<group>";
		};
		BDF6B8DE2E1EFB640082F361 /* interactive UIUITests */ = {
			isa = PBXFileSystemSynchronizedRootGroup;
			path = "interactive UIUITests";
			sourceTree = "<group>";
		};
/* End PBXFileSystemSynchronizedRootGroup section */

/* Begin PBXFrameworksBuildPhase section */
		BDF6B8C12E1EFB610082F361 /* Frameworks */ = {
			isa = PBXFrameworksBuildPhase;
			buildActionMask = 2147483647;
			files = (
			);
			runOnlyForDeploymentPostprocessing = 0;
		};
		BDF6B8CE2E1EFB640082F361 /* Frameworks */ = {
			isa = PBXFrameworksBuildPhase;
			buildActionMask = 2147483647;
			files = (
			);
			runOnlyForDeploymentPostprocessing = 0;
		};
		BDF6B8D82E1EFB640082F361 /* Frameworks */ = {
			isa = PBXFrameworksBuildPhase;
			buildActionMask = 2147483647;
			files = (
			);
			runOnlyForDeploymentPostprocessing = 0;
		};
/* End PBXFrameworksBuildPhase section */

/* Begin PBXGroup section */
		BDF6B8BB2E1EFB610082F361 = {
			isa = PBXGroup;
			children = (
				BDF6B8C62E1EFB610082F361 /* interactive UI */,
				BDF6B8D42E1EFB640082F361 /* interactive UITests */,
				BDF6B8DE2E1EFB640082F361 /* interactive UIUITests */,
				BDF6B8C52E1EFB610082F361 /* Products */,
			);
			sourceTree = "<group>";
		};
		BDF6B8C52E1EFB610082F361 /* Products */ = {
			isa = PBXGroup;
			children = (
				BDF6B8C42E1EFB610082F361 /* interactive UI.app */,
				BDF6B8D12E1EFB640082F361 /* interactive UITests.xctest */,
				BDF6B8DB2E1EFB640082F361 /* interactive UIUITests.xctest */,
			);
			name = Products;
			sourceTree = "<group>";
		};
/* End PBXGroup section */

/* Begin PBXNativeTarget section */
		BDF6B8C32E1EFB610082F361 /* interactive UI */ = {
			isa = PBXNativeTarget;
			buildConfigurationList = BDF6B8E52E1EFB640082F361 /* Build configuration list for PBXNativeTarget "interactive UI" */;
			buildPhases = (
				BDF6B8C02E1EFB610082F361 /* Sources */,
				BDF6B8C12E1EFB610082F361 /* Frameworks */,
				BDF6B8C22E1EFB610082F361 /* Resources */,
			);
			buildRules = (
			);
			dependencies = (
			);
			fileSystemSynchronizedGroups = (
				BDF6B8C62E1EFB610082F361 /* interactive UI */,
			);
			name = "interactive UI";
			packageProductDependencies = (
			);
			productName = "interactive UI";
			productReference = BDF6B8C42E1EFB610082F361 /* interactive UI.app */;
			productType = "com.apple.product-type.application";
		};
		BDF6B8D02E1EFB640082F361 /* interactive UITests */ = {
			isa = PBXNativeTarget;
			buildConfigurationList = BDF6B8E82E1EFB640082F361 /* Build configuration list for PBXNativeTarget "interactive UITests" */;
			buildPhases = (
				BDF6B8CD2E1EFB640082F361 /* Sources */,
				BDF6B8CE2E1EFB640082F361 /* Frameworks */,
				BDF6B8CF2E1EFB640082F361 /* Resources */,
			);
			buildRules = (
			);
			dependencies = (
				BDF6B8D32E1EFB640082F361 /* PBXTargetDependency */,
			);
			fileSystemSynchronizedGroups = (
				BDF6B8D42E1EFB640082F361 /* interactive UITests */,
			);
			name = "interactive UITests";
			packageProductDependencies = (
			);
			productName = "interactive UITests";
			productReference = BDF6B8D12E1EFB640082F361 /* interactive UITests.xctest */;
			productType = "com.apple.product-type.bundle.unit-test";
		};
		BDF6B8DA2E1EFB640082F361 /* interactive UIUITests */ = {
			isa = PBXNativeTarget;
			buildConfigurationList = BDF6B8EB2E1EFB640082F361 /* Build configuration list for PBXNativeTarget "interactive UIUITests" */;
			buildPhases = (
				BDF6B8D72E1EFB640082F361 /* Sources */,
				BDF6B8D82E1EFB640082F361 /* Frameworks */,
				BDF6B8D92E1EFB640082F361 /* Resources */,
			);
			buildRules = (
			);
			dependencies = (
				BDF6B8DD2E1EFB640082F361 /* PBXTargetDependency */,
			);
			fileSystemSynchronizedGroups = (
				BDF6B8DE2E1EFB640082F361 /* interactive UIUITests */,
			);
			name = "interactive UIUITests";
			packageProductDependencies = (
			);
			productName = "interactive UIUITests";
			productReference = BDF6B8DB2E1EFB640082F361 /* interactive UIUITests.xctest */;
			productType = "com.apple.product-type.bundle.ui-testing";
		};
/* End PBXNativeTarget section */

/* Begin PBXProject section */
		BDF6B8BC2E1EFB610082F361 /* Project object */ = {
			isa = PBXProject;
			attributes = {
				BuildIndependentTargetsInParallel = 1;
				LastSwiftUpdateCheck = 1640;
				LastUpgradeCheck = 1640;
				TargetAttributes = {
					BDF6B8C32E1EFB610082F361 = {
						CreatedOnToolsVersion = 16.4;
					};
					BDF6B8D02E1EFB640082F361 = {
						CreatedOnToolsVersion = 16.4;
						TestTargetID = BDF6B8C32E1EFB610082F361;
					};
					BDF6B8DA2E1EFB640082F361 = {
						CreatedOnToolsVersion = 16.4;
						TestTargetID = BDF6B8C32E1EFB610082F361;
					};
				};
			};
			buildConfigurationList = BDF6B8BF2E1EFB610082F361 /* Build configuration list for PBXProject "interactive UI" */;
			developmentRegion = en;
			hasScannedForEncodings = 0;
			knownRegions = (
				en,
				Base,
			);
			mainGroup = BDF6B8BB2E1EFB610082F361;
			minimizedProjectReferenceProxies = 1;
			preferredProjectObjectVersion = 77;
			productRefGroup = BDF6B8C52E1EFB610082F361 /* Products */;
			projectDirPath = "";
			projectRoot = "";
			targets = (
				BDF6B8C32E1EFB610082F361 /* interactive UI */,
				BDF6B8D02E1EFB640082F361 /* interactive UITests */,
				BDF6B8DA2E1EFB640082F361 /* interactive UIUITests */,
			);
		};
/* End PBXProject section */

/* Begin PBXResourcesBuildPhase section */
		BDF6B8C22E1EFB610082F361 /* Resources */ = {
			isa = PBXResourcesBuildPhase;
			buildActionMask = 2147483647;
			files = (
			);
			runOnlyForDeploymentPostprocessing = 0;
		};
		BDF6B8CF2E1EFB640082F361 /* Resources */ = {
			isa = PBXResourcesBuildPhase;
			buildActionMask = 2147483647;
			files = (
			);
			runOnlyForDeploymentPostprocessing = 0;
		};
		BDF6B8D92E1EFB640082F361 /* Resources */ = {
			isa = PBXResourcesBuildPhase;
			buildActionMask = 2147483647;
			files = (
			);
			runOnlyForDeploymentPostprocessing = 0;
		};
/* End PBXResourcesBuildPhase section */

/* Begin PBXSourcesBuildPhase section */
		BDF6B8C02E1EFB610082F361 /* Sources */ = {
			isa = PBXSourcesBuildPhase;
			buildActionMask = 2147483647;
			files = (
			);
			runOnlyForDeploymentPostprocessing = 0;
		};
		BDF6B8CD2E1EFB640082F361 /* Sources */ = {
			isa = PBXSourcesBuildPhase;
			buildActionMask = 2147483647;
			files = (
			);
			runOnlyForDeploymentPostprocessing = 0;
		};
		BDF6B8D72E1EFB640082F361 /* Sources */ = {
			isa = PBXSourcesBuildPhase;
			buildActionMask = 2147483647;
			files = (
			);
			runOnlyForDeploymentPostprocessing = 0;
		};
/* End PBXSourcesBuildPhase section */

/* Begin PBXTargetDependency section */
		BDF6B8D32E1EFB640082F361 /* PBXTargetDependency */ = {
			isa = PBXTargetDependency;
			target = BDF6B8C32E1EFB610082F361 /* interactive UI */;
			targetProxy = BDF6B8D22E1EFB640082F361 /* PBXContainerItemProxy */;
		};
		BDF6B8DD2E1EFB640082F361 /* PBXTargetDependency */ = {
			isa = PBXTargetDependency;
			target = BDF6B8C32E1EFB610082F361 /* interactive UI */;
			targetProxy = BDF6B8DC2E1EFB640082F361 /* PBXContainerItemProxy */;
		};
/* End PBXTargetDependency section */

/* Begin XCBuildConfiguration section */
		BDF6B8E32E1EFB640082F361 /* Debug */ = {
			isa = XCBuildConfiguration;
			buildSettings = {
				ALWAYS_SEARCH_USER_PATHS = NO;
				ASSETCATALOG_COMPILER_GENERATE_SWIFT_ASSET_SYMBOL_EXTENSIONS = YES;
				CLANG_ANALYZER_NONNULL = YES;
				CLANG_ANALYZER_NUMBER_OBJECT_CONVERSION = YES_AGGRESSIVE;
				CLANG_CXX_LANGUAGE_STANDARD = "gnu++20";
				CLANG_ENABLE_MODULES = YES;
				CLANG_ENABLE_OBJC_ARC = YES;
				CLANG_ENABLE_OBJC_WEAK = YES;
				CLANG_WARN_BLOCK_CAPTURE_AUTORELEASING = YES;
				CLANG_WARN_BOOL_CONVERSION = YES;
				CLANG_WARN_COMMA = YES;
				CLANG_WARN_CONSTANT_CONVERSION = YES;
				CLANG_WARN_DEPRECATED_OBJC_IMPLEMENTATIONS = YES;
				CLANG_WARN_DIRECT_OBJC_ISA_USAGE = YES_ERROR;
				CLANG_WARN_DOCUMENTATION_COMMENTS = YES;
				CLANG_WARN_EMPTY_BODY = YES;
				CLANG_WARN_ENUM_CONVERSION = YES;
				CLANG_WARN_INFINITE_RECURSION = YES;
				CLANG_WARN_INT_CONVERSION = YES;
				CLANG_WARN_NON_LITERAL_NULL_CONVERSION = YES;
				CLANG_WARN_OBJC_IMPLICIT_RETAIN_SELF = YES;
				CLANG_WARN_OBJC_LITERAL_CONVERSION = YES;
				CLANG_WARN_OBJC_ROOT_CLASS = YES_ERROR;
				CLANG_WARN_QUOTED_INCLUDE_IN_FRAMEWORK_HEADER = YES;
				CLANG_WARN_RANGE_LOOP_ANALYSIS = YES;
				CLANG_WARN_STRICT_PROTOTYPES = YES;
				CLANG_WARN_SUSPICIOUS_MOVE = YES;
				CLANG_WARN_UNGUARDED_AVAILABILITY = YES_AGGRESSIVE;
				CLANG_WARN_UNREACHABLE_CODE = YES;
				CLANG_WARN__DUPLICATE_METHOD_MATCH = YES;
				COPY_PHASE_STRIP = NO;
				DEBUG_INFORMATION_FORMAT = dwarf;
				ENABLE_STRICT_OBJC_MSGSEND = YES;
				ENABLE_TESTABILITY = YES;
				ENABLE_USER_SCRIPT_SANDBOXING = YES;
				GCC_C_LANGUAGE_STANDARD = gnu17;
				GCC_DYNAMIC_NO_PIC = NO;
				GCC_NO_COMMON_BLOCKS = YES;
				GCC_OPTIMIZATION_LEVEL = 0;
				GCC_PREPROCESSOR_DEFINITIONS = (
					"DEBUG=1",
					"$(inherited)",
				);
				GCC_WARN_64_TO_32_BIT_CONVERSION = YES;
				GCC_WARN_ABOUT_RETURN_TYPE = YES_ERROR;
				GCC_WARN_UNDECLARED_SELECTOR = YES;
				GCC_WARN_UNINITIALIZED_AUTOS = YES_AGGRESSIVE;
				GCC_WARN_UNUSED_FUNCTION = YES;
				GCC_WARN_UNUSED_VARIABLE = YES;
				IPHONEOS_DEPLOYMENT_TARGET = 18.5;
				LOCALIZATION_PREFERS_STRING_CATALOGS = YES;
				MTL_ENABLE_DEBUG_INFO = INCLUDE_SOURCE;
				MTL_FAST_MATH = YES;
				ONLY_ACTIVE_ARCH = YES;
				SDKROOT = iphoneos;
				SWIFT_ACTIVE_COMPILATION_CONDITIONS = "DEBUG $(inherited)";
				SWIFT_OPTIMIZATION_LEVEL = "-Onone";
			};
			name = Debug;
		};
		BDF6B8E42E1EFB640082F361 /* Release */ = {
			isa = XCBuildConfiguration;
			buildSettings = {
				ALWAYS_SEARCH_USER_PATHS = NO;
				ASSETCATALOG_COMPILER_GENERATE_SWIFT_ASSET_SYMBOL_EXTENSIONS = YES;
				CLANG_ANALYZER_NONNULL = YES;
				CLANG_ANALYZER_NUMBER_OBJECT_CONVERSION = YES_AGGRESSIVE;
				CLANG_CXX_LANGUAGE_STANDARD = "gnu++20";
				CLANG_ENABLE_MODULES = YES;
				CLANG_ENABLE_OBJC_ARC = YES;
				CLANG_ENABLE_OBJC_WEAK = YES;
				CLANG_WARN_BLOCK_CAPTURE_AUTORELEASING = YES;
				CLANG_WARN_BOOL_CONVERSION = YES;
				CLANG_WARN_COMMA = YES;
				CLANG_WARN_CONSTANT_CONVERSION = YES;
				CLANG_WARN_DEPRECATED_OBJC_IMPLEMENTATIONS = YES;
				CLANG_WARN_DIRECT_OBJC_ISA_USAGE = YES_ERROR;
				CLANG_WARN_DOCUMENTATION_COMMENTS = YES;
				CLANG_WARN_EMPTY_BODY = YES;
				CLANG_WARN_ENUM_CONVERSION = YES;
				CLANG_WARN_INFINITE_RECURSION = YES;
				CLANG_WARN_INT_CONVERSION = YES;
				CLANG_WARN_NON_LITERAL_NULL_CONVERSION = YES;
				CLANG_WARN_OBJC_IMPLICIT_RETAIN_SELF = YES;
				CLANG_WARN_OBJC_LITERAL_CONVERSION = YES;
				CLANG_WARN_OBJC_ROOT_CLASS = YES_ERROR;
				CLANG_WARN_QUOTED_INCLUDE_IN_FRAMEWORK_HEADER = YES;
				CLANG_WARN_RANGE_LOOP_ANALYSIS = YES;
				CLANG_WARN_STRICT_PROTOTYPES = YES;
				CLANG_WARN_SUSPICIOUS_MOVE = YES;
				CLANG_WARN_UNGUARDED_AVAILABILITY = YES_AGGRESSIVE;
				CLANG_WARN_UNREACHABLE_CODE = YES;
				CLANG_WARN__DUPLICATE_METHOD_MATCH = YES;
				COPY_PHASE_STRIP = NO;
				DEBUG_INFORMATION_FORMAT = "dwarf-with-dsym";
				ENABLE_NS_ASSERTIONS = NO;
				ENABLE_STRICT_OBJC_MSGSEND = YES;
				ENABLE_USER_SCRIPT_SANDBOXING = YES;
				GCC_C_LANGUAGE_STANDARD = gnu17;
				GCC_NO_COMMON_BLOCKS = YES;
				GCC_WARN_64_TO_32_BIT_CONVERSION = YES;
				GCC_WARN_ABOUT_RETURN_TYPE = YES_ERROR;
				GCC_WARN_UNDECLARED_SELECTOR = YES;
				GCC_WARN_UNINITIALIZED_AUTOS = YES_AGGRESSIVE;
				GCC_WARN_UNUSED_FUNCTION = YES;
				GCC_WARN_UNUSED_VARIABLE = YES;
				IPHONEOS_DEPLOYMENT_TARGET = 18.5;
				LOCALIZATION_PREFERS_STRING_CATALOGS = YES;
				MTL_ENABLE_DEBUG_INFO = NO;
				MTL_FAST_MATH = YES;
				SDKROOT = iphoneos;
				SWIFT_COMPILATION_MODE = wholemodule;
				VALIDATE_PRODUCT = YES;
			};
			name = Release;
		};
		BDF6B8E62E1EFB640082F361 /* Debug */ = {
			isa = XCBuildConfiguration;
			buildSettings = {
				ASSETCATALOG_COMPILER_APPICON_NAME = AppIcon;
				ASSETCATALOG_COMPILER_GLOBAL_ACCENT_COLOR_NAME = AccentColor;
				CODE_SIGN_STYLE = Automatic;
				CURRENT_PROJECT_VERSION = 1;
				ENABLE_PREVIEWS = YES;
				GENERATE_INFOPLIST_FILE = YES;
				INFOPLIST_KEY_UIApplicationSceneManifest_Generation = YES;
				INFOPLIST_KEY_UIApplicationSupportsIndirectInputEvents = YES;
				INFOPLIST_KEY_UILaunchScreen_Generation = YES;
				INFOPLIST_KEY_UISupportedInterfaceOrientations_iPad = "UIInterfaceOrientationPortrait UIInterfaceOrientationPortraitUpsideDown UIInterfaceOrientationLandscapeLeft UIInterfaceOrientationLandscapeRight";
				INFOPLIST_KEY_UISupportedInterfaceOrientations_iPhone = "UIInterfaceOrientationPortrait UIInterfaceOrientationLandscapeLeft UIInterfaceOrientationLandscapeRight";
				LD_RUNPATH_SEARCH_PATHS = (
					"$(inherited)",
					"@executable_path/Frameworks",
				);
				MARKETING_VERSION = 1.0;
				PRODUCT_BUNDLE_IDENTIFIER = "kwk.interactive-UI";
				PRODUCT_NAME = "$(TARGET_NAME)";
				SWIFT_EMIT_LOC_STRINGS = YES;
				SWIFT_VERSION = 5.0;
				TARGETED_DEVICE_FAMILY = "1,2";
			};
			name = Debug;
		};
		BDF6B8E72E1EFB640082F361 /* Release */ = {
			isa = XCBuildConfiguration;
			buildSettings = {
				ASSETCATALOG_COMPILER_APPICON_NAME = AppIcon;
				ASSETCATALOG_COMPILER_GLOBAL_ACCENT_COLOR_NAME = AccentColor;
				CODE_SIGN_STYLE = Automatic;
				CURRENT_PROJECT_VERSION = 1;
				ENABLE_PREVIEWS = YES;
				GENERATE_INFOPLIST_FILE = YES;
				INFOPLIST_KEY_UIApplicationSceneManifest_Generation = YES;
				INFOPLIST_KEY_UIApplicationSupportsIndirectInputEvents = YES;
				INFOPLIST_KEY_UILaunchScreen_Generation = YES;
				INFOPLIST_KEY_UISupportedInterfaceOrientations_iPad = "UIInterfaceOrientationPortrait UIInterfaceOrientationPortraitUpsideDown UIInterfaceOrientationLandscapeLeft UIInterfaceOrientationLandscapeRight";
				INFOPLIST_KEY_UISupportedInterfaceOrientations_iPhone = "UIInterfaceOrientationPortrait UIInterfaceOrientationLandscapeLeft UIInterfaceOrientationLandscapeRight";
				LD_RUNPATH_SEARCH_PATHS = (
					"$(inherited)",
					"@executable_path/Frameworks",
				);
				MARKETING_VERSION = 1.0;
				PRODUCT_BUNDLE_IDENTIFIER = "kwk.interactive-UI";
				PRODUCT_NAME = "$(TARGET_NAME)";
				SWIFT_EMIT_LOC_STRINGS = YES;
				SWIFT_VERSION = 5.0;
				TARGETED_DEVICE_FAMILY = "1,2";
			};
			name = Release;
		};
		BDF6B8E92E1EFB640082F361 /* Debug */ = {
			isa = XCBuildConfiguration;
			buildSettings = {
				BUNDLE_LOADER = "$(TEST_HOST)";
				CODE_SIGN_STYLE = Automatic;
				CURRENT_PROJECT_VERSION = 1;
				GENERATE_INFOPLIST_FILE = YES;
				IPHONEOS_DEPLOYMENT_TARGET = 18.5;
				MARKETING_VERSION = 1.0;
				PRODUCT_BUNDLE_IDENTIFIER = "kwk.interactive-UITests";
				PRODUCT_NAME = "$(TARGET_NAME)";
				SWIFT_EMIT_LOC_STRINGS = NO;
				SWIFT_VERSION = 5.0;
				TARGETED_DEVICE_FAMILY = "1,2";
				TEST_HOST = "$(BUILT_PRODUCTS_DIR)/interactive UI.app/$(BUNDLE_EXECUTABLE_FOLDER_PATH)/interactive UI";
			};
			name = Debug;
		};
		BDF6B8EA2E1EFB640082F361 /* Release */ = {
			isa = XCBuildConfiguration;
			buildSettings = {
				BUNDLE_LOADER = "$(TEST_HOST)";
				CODE_SIGN_STYLE = Automatic;
				CURRENT_PROJECT_VERSION = 1;
				GENERATE_INFOPLIST_FILE = YES;
				IPHONEOS_DEPLOYMENT_TARGET = 18.5;
				MARKETING_VERSION = 1.0;
				PRODUCT_BUNDLE_IDENTIFIER = "kwk.interactive-UITests";
				PRODUCT_NAME = "$(TARGET_NAME)";
				SWIFT_EMIT_LOC_STRINGS = NO;
				SWIFT_VERSION = 5.0;
				TARGETED_DEVICE_FAMILY = "1,2";
				TEST_HOST = "$(BUILT_PRODUCTS_DIR)/interactive UI.app/$(BUNDLE_EXECUTABLE_FOLDER_PATH)/interactive UI";
			};
			name = Release;
		};
		BDF6B8EC2E1EFB640082F361 /* Debug */ = {
			isa = XCBuildConfiguration;
			buildSettings = {
				CODE_SIGN_STYLE = Automatic;
				CURRENT_PROJECT_VERSION = 1;
				GENERATE_INFOPLIST_FILE = YES;
				MARKETING_VERSION = 1.0;
				PRODUCT_BUNDLE_IDENTIFIER = "kwk.interactive-UIUITests";
				PRODUCT_NAME = "$(TARGET_NAME)";
				SWIFT_EMIT_LOC_STRINGS = NO;
				SWIFT_VERSION = 5.0;
				TARGETED_DEVICE_FAMILY = "1,2";
				TEST_TARGET_NAME = "interactive UI";
			};
			name = Debug;
		};
		BDF6B8ED2E1EFB640082F361 /* Release */ = {
			isa = XCBuildConfiguration;
			buildSettings = {
				CODE_SIGN_STYLE = Automatic;
				CURRENT_PROJECT_VERSION = 1;
				GENERATE_INFOPLIST_FILE = YES;
				MARKETING_VERSION = 1.0;
				PRODUCT_BUNDLE_IDENTIFIER = "kwk.interactive-UIUITests";
				PRODUCT_NAME = "$(TARGET_NAME)";
				SWIFT_EMIT_LOC_STRINGS = NO;
				SWIFT_VERSION = 5.0;
				TARGETED_DEVICE_FAMILY = "1,2";
				TEST_TARGET_NAME = "interactive UI";
			};
			name = Release;
		};
/* End XCBuildConfiguration section */

/* Begin XCConfigurationList section */
		BDF6B8BF2E1EFB610082F361 /* Build configuration list for PBXProject "interactive UI" */ = {
			isa = XCConfigurationList;
			buildConfigurations = (
				BDF6B8E32E1EFB640082F361 /* Debug */,
				BDF6B8E42E1EFB640082F361 /* Release */,
			);
			defaultConfigurationIsVisible = 0;
			defaultConfigurationName = Release;
		};
		BDF6B8E52E1EFB640082F361 /* Build configuration list for PBXNativeTarget "interactive UI" */ = {
			isa = XCConfigurationList;
			buildConfigurations = (
				BDF6B8E62E1EFB640082F361 /* Debug */,
				BDF6B8E72E1EFB640082F361 /* Release */,
			);
			defaultConfigurationIsVisible = 0;
			defaultConfigurationName = Release;
		};
		BDF6B8E82E1EFB640082F361 /* Build configuration list for PBXNativeTarget "interactive UITests" */ = {
			isa = XCConfigurationList;
			buildConfigurations = (
				BDF6B8E92E1EFB640082F361 /* Debug */,
				BDF6B8EA2E1EFB640082F361 /* Release */,
			);
			defaultConfigurationIsVisible = 0;
			defaultConfigurationName = Release;
		};
		BDF6B8EB2E1EFB640082F361 /* Build configuration list for PBXNativeTarget "interactive UIUITests" */ = {
			isa = XCConfigurationList;
			buildConfigurations = (
				BDF6B8EC2E1EFB640082F361 /* Debug */,
				BDF6B8ED2E1EFB640082F361 /* Release */,
			);
			defaultConfigurationIsVisible = 0;
			defaultConfigurationName = Release;
		};
/* End XCConfigurationList section */
	};
	rootObject = BDF6B8BC2E1EFB610082F361 /* Project object */;
}
